
Microsoft Visual Studio Solution File, Format Version 12.00
# Visual Studio 15
VisualStudioVersion = 15.0.27130.2010
MinimumVisualStudioVersion = 10.0.40219.1
Project("{FAE04EC0-301F-11D3-BF4B-00C04F79EFBC}") = "CleanAndRepair", "CleanAndRepair\CleanAndRepair.csproj", "{EE6D5610-AB4B-4B84-8F1D-A00E8C423F19}"
EndProject
Global
	GlobalSection(SolutionConfigurationPlatforms) = preSolution
		Debug|Any CPU = Debug|Any CPU
		Release|Any CPU = Release|Any CPU
	EndGlobalSection
	GlobalSection(ProjectConfigurationPlatforms) = postSolution
		{EE6D5610-AB4B-4B84-8F1D-A00E8C423F19}.Debug|Any CPU.ActiveCfg = Debug|Any CPU
		{EE6D5610-AB4B-4B84-8F1D-A00E8C423F19}.Debug|Any CPU.Build.0 = Debug|Any CPU
		{EE6D5610-AB4B-4B84-8F1D-A00E8C423F19}.Release|Any CPU.ActiveCfg = Release|Any CPU
		{EE6D5610-AB4B-4B84-8F1D-A00E8C423F19}.Release|Any CPU.Build.0 = Release|Any CPU
	EndGlobalSection
	GlobalSection(SolutionProperties) = preSolution
		HideSolutionNode = FALSE
	EndGlobalSection
	GlobalSection(ExtensibilityGlobals) = postSolution
		SolutionGuid = {5797FFFF-6190-4AB7-B050-2938F5673D4B}
	EndGlobalSection
EndGlobal
